
Microsoft Visual Studio Solution File, Format Version 12.00
Project("{FAE04EC0-301F-11D3-BF4B-00C04F79EFBC}") = "RollMaster.WebApp", "RollMaster.WebApp\RollMaster.WebApp.csproj", "{4E20A3B1-61FB-463F-BAFE-7B27FF7D4D55}"
EndProject
Project("{FAE04EC0-301F-11D3-BF4B-00C04F79EFBC}") = "TruSoft.StdLib", "..\..\StdLib\Src\TruSoft.StdLib\TruSoft.StdLib.csproj", "{1D901C62-2830-4B48-8C5E-604F4CC25DE9}"
EndProject
Project("{FAE04EC0-301F-11D3-BF4B-00C04F79EFBC}") = "RollMaster.Core", "RollMaster.Core\RollMaster.Core.csproj", "{3274842C-FCB0-4375-BA87-452124B2E2B0}"
EndProject
Project("{FAE04EC0-301F-11D3-BF4B-00C04F79EFBC}") = "Systems.WorldOfDarkness", "Systems.WorldOfDarkness\Systems.WorldOfDarkness.csproj", "{7D9B358F-C099-4035-A09C-E44BB5BD909E}"
EndProject
Project("{FAE04EC0-301F-11D3-BF4B-00C04F79EFBC}") = "TruSoft.StdLib.Test", "..\..\StdLib\Src\TruSoft.StdLib.Test\TruSoft.StdLib.Test.csproj", "{B2979B69-D06E-4ADF-B848-5782F9EE440D}"
EndProject
Project("{FAE04EC0-301F-11D3-BF4B-00C04F79EFBC}") = "Systems.WorldOfDarkness.Test", "Systems.WorldOfDarkness.Test\Systems.WorldOfDarkness.Test.csproj", "{DE7152AE-DAAE-48A9-B4B5-67D00E816997}"
EndProject
Project("{FAE04EC0-301F-11D3-BF4B-00C04F79EFBC}") = "TruSoft.StdLib.Web", "..\..\StdLib\Src\TruSoft.StdLib.Web\TruSoft.StdLib.Web.csproj", "{AB127FAD-A84B-44D7-9D15-0E362F8677F3}"
EndProject
Global
	GlobalSection(SolutionConfigurationPlatforms) = preSolution
		Debug|Any CPU = Debug|Any CPU
		Release|Any CPU = Release|Any CPU
	EndGlobalSection
	GlobalSection(ProjectConfigurationPlatforms) = postSolution
		{4E20A3B1-61FB-463F-BAFE-7B27FF7D4D55}.Debug|Any CPU.ActiveCfg = Debug|Any CPU
		{4E20A3B1-61FB-463F-BAFE-7B27FF7D4D55}.Debug|Any CPU.Build.0 = Debug|Any CPU
		{4E20A3B1-61FB-463F-BAFE-7B27FF7D4D55}.Release|Any CPU.ActiveCfg = Release|Any CPU
		{4E20A3B1-61FB-463F-BAFE-7B27FF7D4D55}.Release|Any CPU.Build.0 = Release|Any CPU
		{1D901C62-2830-4B48-8C5E-604F4CC25DE9}.Debug|Any CPU.ActiveCfg = Debug|Any CPU
		{1D901C62-2830-4B48-8C5E-604F4CC25DE9}.Debug|Any CPU.Build.0 = Debug|Any CPU
		{1D901C62-2830-4B48-8C5E-604F4CC25DE9}.Release|Any CPU.ActiveCfg = Release|Any CPU
		{1D901C62-2830-4B48-8C5E-604F4CC25DE9}.Release|Any CPU.Build.0 = Release|Any CPU
		{3274842C-FCB0-4375-BA87-452124B2E2B0}.Debug|Any CPU.ActiveCfg = Debug|Any CPU
		{3274842C-FCB0-4375-BA87-452124B2E2B0}.Debug|Any CPU.Build.0 = Debug|Any CPU
		{3274842C-FCB0-4375-BA87-452124B2E2B0}.Release|Any CPU.ActiveCfg = Release|Any CPU
		{3274842C-FCB0-4375-BA87-452124B2E2B0}.Release|Any CPU.Build.0 = Release|Any CPU
		{7D9B358F-C099-4035-A09C-E44BB5BD909E}.Debug|Any CPU.ActiveCfg = Debug|Any CPU
		{7D9B358F-C099-4035-A09C-E44BB5BD909E}.Debug|Any CPU.Build.0 = Debug|Any CPU
		{7D9B358F-C099-4035-A09C-E44BB5BD909E}.Release|Any CPU.ActiveCfg = Release|Any CPU
		{7D9B358F-C099-4035-A09C-E44BB5BD909E}.Release|Any CPU.Build.0 = Release|Any CPU
		{B2979B69-D06E-4ADF-B848-5782F9EE440D}.Debug|Any CPU.ActiveCfg = Debug|Any CPU
		{B2979B69-D06E-4ADF-B848-5782F9EE440D}.Debug|Any CPU.Build.0 = Debug|Any CPU
		{B2979B69-D06E-4ADF-B848-5782F9EE440D}.Release|Any CPU.ActiveCfg = Release|Any CPU
		{B2979B69-D06E-4ADF-B848-5782F9EE440D}.Release|Any CPU.Build.0 = Release|Any CPU
		{DE7152AE-DAAE-48A9-B4B5-67D00E816997}.Debug|Any CPU.ActiveCfg = Debug|Any CPU
		{DE7152AE-DAAE-48A9-B4B5-67D00E816997}.Debug|Any CPU.Build.0 = Debug|Any CPU
		{DE7152AE-DAAE-48A9-B4B5-67D00E816997}.Release|Any CPU.ActiveCfg = Release|Any CPU
		{DE7152AE-DAAE-48A9-B4B5-67D00E816997}.Release|Any CPU.Build.0 = Release|Any CPU
		{AB127FAD-A84B-44D7-9D15-0E362F8677F3}.Debug|Any CPU.ActiveCfg = Debug|Any CPU
		{AB127FAD-A84B-44D7-9D15-0E362F8677F3}.Debug|Any CPU.Build.0 = Debug|Any CPU
		{AB127FAD-A84B-44D7-9D15-0E362F8677F3}.Release|Any CPU.ActiveCfg = Release|Any CPU
		{AB127FAD-A84B-44D7-9D15-0E362F8677F3}.Release|Any CPU.Build.0 = Release|Any CPU
	EndGlobalSection
EndGlobal
